
Microsoft Visual Studio Solution File, Format Version 12.00
# Visual Studio Version 16
VisualStudioVersion = 16.0.29001.49
MinimumVisualStudioVersion = 10.0.40219.1
Project("{FAE04EC0-301F-11D3-BF4B-00C04F79EFBC}") = "WBCCGC", "WBCCGC\WBCCGC.csproj", "{61AABCCD-B077-400B-B49D-AB65D154283F}"
EndProject
Global
	GlobalSection(SolutionConfigurationPlatforms) = preSolution
		Debug|Any CPU = Debug|Any CPU
		Release|Any CPU = Release|Any CPU
	EndGlobalSection
	GlobalSection(ProjectConfigurationPlatforms) = postSolution
		{61AABCCD-B077-400B-B49D-AB65D154283F}.Debug|Any CPU.ActiveCfg = Debug|Any CPU
		{61AABCCD-B077-400B-B49D-AB65D154283F}.Debug|Any CPU.Build.0 = Debug|Any CPU
		{61AABCCD-B077-400B-B49D-AB65D154283F}.Release|Any CPU.ActiveCfg = Release|Any CPU
		{61AABCCD-B077-400B-B49D-AB65D154283F}.Release|Any CPU.Build.0 = Release|Any CPU
	EndGlobalSection
	GlobalSection(SolutionProperties) = preSolution
		HideSolutionNode = FALSE
	EndGlobalSection
	GlobalSection(ExtensibilityGlobals) = postSolution
		SolutionGuid = {7FC76D83-5F32-4CA3-B83F-39579D4CB42F}
	EndGlobalSection
EndGlobal
